
Microsoft Visual Studio Solution File, Format Version 12.00
# Visual Studio 15
Project("{FAE04EC0-301F-11D3-BF4B-00C04F79EFBC}") = "Split-a-String-in-Balanced-Strings", "Split-a-String-in-Balanced-Strings\Split-a-String-in-Balanced-Strings.csproj", "{650E7A85-36E7-4E90-B350-FAFE6D2912A7}"
EndProject
Global
	GlobalSection(SolutionConfigurationPlatforms) = preSolution
		Debug|Any CPU = Debug|Any CPU
		Release|Any CPU = Release|Any CPU
	EndGlobalSection
	GlobalSection(ProjectConfigurationPlatforms) = postSolution
		{650E7A85-36E7-4E90-B350-FAFE6D2912A7}.Debug|Any CPU.ActiveCfg = Debug|Any CPU
		{650E7A85-36E7-4E90-B350-FAFE6D2912A7}.Debug|Any CPU.Build.0 = Debug|Any CPU
		{650E7A85-36E7-4E90-B350-FAFE6D2912A7}.Release|Any CPU.ActiveCfg = Release|Any CPU
		{650E7A85-36E7-4E90-B350-FAFE6D2912A7}.Release|Any CPU.Build.0 = Release|Any CPU
	EndGlobalSection
EndGlobal
